{
    "_readme": [
        "This file locks the dependencies of your project to a known state",
        "Read more about it at https://getcomposer.org/doc/01-basic-usage.md#installing-dependencies",
        "This file is @generated automatically"
    ],
    "content-hash": "93bdc939622d838478fae0d23cb7153e",
    "packages": [
        {
            "name": "fguillot/json-rpc",
            "version": "v1.2.8",
            "source": {
                "type": "git",
                "url": "https://github.com/matasarei/JsonRPC.git",
                "reference": "f1eef90bf0bb3f7779c9c8113311811ef449ece8"
            },
            "dist": {
                "type": "zip",
                "url": "https://api.github.com/repos/matasarei/JsonRPC/zipball/f1eef90bf0bb3f7779c9c8113311811ef449ece8",
                "reference": "f1eef90bf0bb3f7779c9c8113311811ef449ece8",
                "shasum": ""
            },
            "require": {
                "php": ">=5.4"
            },
            "require-dev": {
                "phpunit/phpunit": "4.8.*"
            },
            "type": "library",
            "autoload": {
                "psr-0": {
                    "JsonRPC": "src/"
                }
            },
            "notification-url": "https://packagist.org/downloads/",
            "license": [
                "MIT"
            ],
            "authors": [
                {
                    "name": "Frédéric Guillot"
                }
            ],
            "description": "Simple Json-RPC client/server library that just works",
            "homepage": "https://github.com/matasarei/JsonRPC",
            "support": {
                "issues": "https://github.com/matasarei/JsonRPC/issues",
                "source": "https://github.com/matasarei/JsonRPC/tree/v1.2.8"
            },
            "time": "2019-03-23T16:13:00+00:00"
        },
        {
            "name": "klein/klein",
            "version": "v2.1.2",
            "source": {
                "type": "git",
                "url": "https://github.com/klein/klein.php.git",
                "reference": "6549676cc831b9417332b3d9485c64bbf7bac728"
            },
            "dist": {
                "type": "zip",
                "url": "https://api.github.com/repos/klein/klein.php/zipball/6549676cc831b9417332b3d9485c64bbf7bac728",
                "reference": "6549676cc831b9417332b3d9485c64bbf7bac728",
                "shasum": ""
            },
            "require": {
                "php": ">=5.3.0"
            },
            "require-dev": {
                "phpunit/php-code-coverage": "^2.2",
                "phpunit/phpunit": "^4.8",
                "squizlabs/php_codesniffer": "1.4.8"
            },
            "type": "library",
            "autoload": {
                "psr-4": {
                    "Klein\\": "src/Klein/"
                }
            },
            "notification-url": "https://packagist.org/downloads/",
            "license": [
                "MIT"
            ],
            "authors": [
                {
                    "name": "Chris O'Hara",
                    "email": "cohara87@gmail.com",
                    "homepage": "http://chris6f.com/",
                    "role": "Creator/Developer"
                },
                {
                    "name": "Trevor Suarez",
                    "email": "rican7@gmail.com",
                    "homepage": "https://trevorsuarez.com/",
                    "role": "Contributor/Developer"
                }
            ],
            "description": "A lightning fast router for PHP",
            "homepage": "https://github.com/klein/klein.php",
            "keywords": [
                "boilerplate",
                "router",
                "routing",
                "sinatra"
            ],
            "support": {
                "issues": "https://github.com/klein/klein.php/issues",
                "source": "https://github.com/klein/klein.php/tree/master"
            },
            "time": "2017-02-01T23:08:58+00:00"
        },
        {
            "name": "rain/raintpl",
            "version": "3.1.1",
            "source": {
                "type": "git",
                "url": "https://github.com/feulf/raintpl3.git",
                "reference": "edee683bf242f40cc75bee46a78759f6c1589dca"
            },
            "dist": {
                "type": "zip",
                "url": "https://api.github.com/repos/feulf/raintpl3/zipball/edee683bf242f40cc75bee46a78759f6c1589dca",
                "reference": "edee683bf242f40cc75bee46a78759f6c1589dca",
                "shasum": ""
            },
            "require": {
                "php": ">=5.3"
            },
            "require-dev": {
                "phpunit/phpunit": "4.4.*"
            },
            "type": "library",
            "autoload": {
                "psr-0": {
                    "Rain": "library/"
                }
            },
            "notification-url": "https://packagist.org/downloads/",
            "license": [
                "MIT"
            ],
            "authors": [
                {
                    "name": "Rain Community"
                },
                {
                    "name": "Federico Ulfo",
                    "email": "rainelemental@gmail.com"
                }
            ],
            "description": "easy and fast template engine",
            "homepage": "http://raintpl.com",
            "support": {
                "issues": "https://github.com/feulf/raintpl3/issues",
                "source": "https://github.com/feulf/raintpl3/tree/master"
            },
            "time": "2018-06-08T21:19:55+00:00"
        }
    ],
    "packages-dev": [],
    "aliases": [],
    "minimum-stability": "stable",
    "stability-flags": [],
    "prefer-stable": false,
    "prefer-lowest": false,
    "platform": [],
    "platform-dev": [],
    "plugin-api-version": "2.0.0"
}
